
Microsoft Visual Studio Solution File, Format Version 12.00
# Visual Studio Version 17
VisualStudioVersion = 17.8.34525.116
MinimumVisualStudioVersion = 10.0.40219.1
Project("{FAE04EC0-301F-11D3-BF4B-00C04F79EFBC}") = "Wargame_vv2", "Wargame_vv2\Wargame_vv2.csproj", "{B395791E-4FFC-4577-84D4-E1FC1D67BD69}"
EndProject
Global
	GlobalSection(SolutionConfigurationPlatforms) = preSolution
		Debug|Any CPU = Debug|Any CPU
		Release|Any CPU = Release|Any CPU
	EndGlobalSection
	GlobalSection(ProjectConfigurationPlatforms) = postSolution
		{B395791E-4FFC-4577-84D4-E1FC1D67BD69}.Debug|Any CPU.ActiveCfg = Debug|Any CPU
		{B395791E-4FFC-4577-84D4-E1FC1D67BD69}.Debug|Any CPU.Build.0 = Debug|Any CPU
		{B395791E-4FFC-4577-84D4-E1FC1D67BD69}.Release|Any CPU.ActiveCfg = Release|Any CPU
		{B395791E-4FFC-4577-84D4-E1FC1D67BD69}.Release|Any CPU.Build.0 = Release|Any CPU
	EndGlobalSection
	GlobalSection(SolutionProperties) = preSolution
		HideSolutionNode = FALSE
	EndGlobalSection
	GlobalSection(ExtensibilityGlobals) = postSolution
		SolutionGuid = {207B1B59-32B8-478C-AD12-F25881576CE0}
	EndGlobalSection
EndGlobal
